
Microsoft Visual Studio Solution File, Format Version 12.00
# Visual Studio 15
VisualStudioVersion = 15.0.28010.2041
MinimumVisualStudioVersion = 10.0.40219.1
Project("{FAE04EC0-301F-11D3-BF4B-00C04F79EFBC}") = "NurseRosteringCP", "NurseRosteringCP\NurseRosteringCP.csproj", "{F7D66300-D888-4293-8AFF-C448BFD74EBF}"
EndProject
Project("{FAE04EC0-301F-11D3-BF4B-00C04F79EFBC}") = "NurseRosteringSAT", "NurseRosteringSAT\NurseRosteringSAT.csproj", "{9E4CD690-5417-4C68-A942-3E21D08E6167}"
EndProject
Global
	GlobalSection(SolutionConfigurationPlatforms) = preSolution
		Debug|Any CPU = Debug|Any CPU
		Release|Any CPU = Release|Any CPU
	EndGlobalSection
	GlobalSection(ProjectConfigurationPlatforms) = postSolution
		{F7D66300-D888-4293-8AFF-C448BFD74EBF}.Debug|Any CPU.ActiveCfg = Debug|Any CPU
		{F7D66300-D888-4293-8AFF-C448BFD74EBF}.Debug|Any CPU.Build.0 = Debug|Any CPU
		{F7D66300-D888-4293-8AFF-C448BFD74EBF}.Release|Any CPU.ActiveCfg = Release|Any CPU
		{F7D66300-D888-4293-8AFF-C448BFD74EBF}.Release|Any CPU.Build.0 = Release|Any CPU
		{9E4CD690-5417-4C68-A942-3E21D08E6167}.Debug|Any CPU.ActiveCfg = Debug|Any CPU
		{9E4CD690-5417-4C68-A942-3E21D08E6167}.Debug|Any CPU.Build.0 = Debug|Any CPU
		{9E4CD690-5417-4C68-A942-3E21D08E6167}.Release|Any CPU.ActiveCfg = Release|Any CPU
		{9E4CD690-5417-4C68-A942-3E21D08E6167}.Release|Any CPU.Build.0 = Release|Any CPU
	EndGlobalSection
	GlobalSection(SolutionProperties) = preSolution
		HideSolutionNode = FALSE
	EndGlobalSection
	GlobalSection(ExtensibilityGlobals) = postSolution
		SolutionGuid = {E3EBE0EE-2E12-4BF4-B739-E68639FC0E6B}
	EndGlobalSection
EndGlobal
